Microsoft Visual Studio Solution File, Format Version 12.00
# Visual Studio Version 17
VisualStudioVersion = 17.5.2.0
MinimumVisualStudioVersion = 10.0.40219.1
Project("{2150E333-8FDC-42A3-9474-1A3956D46DE8}") = "Arq-lab", "Arq-lab", "{9090E3EC-2EA7-E2DC-36BB-57C3E8347209}"
EndProject
Project("{2150E333-8FDC-42A3-9474-1A3956D46DE8}") = "generated", "generated", "{AA4BBBE4-E6CD-B2AD-A37D-4AC830DA7D9E}"
EndProject
Project("{2150E333-8FDC-42A3-9474-1A3956D46DE8}") = "M3", "M3", "{CB285E8F-4F38-AE11-280D-B7EC01E33D09}"
EndProject
Project("{2150E333-8FDC-42A3-9474-1A3956D46DE8}") = "billing-sdk-csharp", "billing-sdk-csharp", "{A2D0BFA9-E8A8-5A2E-C5C2-58B5937BB6F7}"
EndProject
Project("{2150E333-8FDC-42A3-9474-1A3956D46DE8}") = "src", "src", "{12406B37-19BE-5F83-48D9-60A19E0E2919}"
EndProject
Project("{FAE04EC0-301F-11D3-BF4B-00C04F79EFBC}") = "AppHost", "Arq-lab\generated\M3\billing-sdk-csharp\src\AppHost\AppHost.csproj", "{E3EC9DF7-C319-2821-4327-1412E540AD22}"
EndProject
Project("{FAE04EC0-301F-11D3-BF4B-00C04F79EFBC}") = "Library", "Arq-lab\generated\M3\billing-sdk-csharp\src\Library\Library.csproj", "{B8E2AA46-44B5-DDD2-A4C9-CA9A92CE429C}"
EndProject
Project("{2150E333-8FDC-42A3-9474-1A3956D46DE8}") = "tests", "tests", "{1CEC21EA-3F71-E251-870A-73D0054BE3AF}"
EndProject
Project("{FAE04EC0-301F-11D3-BF4B-00C04F79EFBC}") = "AppHost.Tests", "Arq-lab\generated\M3\billing-sdk-csharp\tests\AppHost.Tests\AppHost.Tests.csproj", "{6C3498FE-C27E-656D-349F-ABCEB112B58D}"
EndProject
Project("{2150E333-8FDC-42A3-9474-1A3956D46DE8}") = "M6", "M6", "{BECBD3FC-1B02-B6C8-48A0-9F7F1E242D91}"
EndProject
Project("{2150E333-8FDC-42A3-9474-1A3956D46DE8}") = "admin-integrations-csharp", "admin-integrations-csharp", "{FCDDE916-3EC5-B9AE-7E2E-BDFF13C0C707}"
EndProject
Project("{2150E333-8FDC-42A3-9474-1A3956D46DE8}") = "src", "src", "{31B43215-1F87-CD7F-1166-5DE199FDD429}"
EndProject
Project("{FAE04EC0-301F-11D3-BF4B-00C04F79EFBC}") = "AppHost", "Arq-lab\generated\M6\admin-integrations-csharp\src\AppHost\AppHost.csproj", "{30E82E8C-0B0D-6137-3850-5A91EE31F954}"
EndProject
Project("{FAE04EC0-301F-11D3-BF4B-00C04F79EFBC}") = "Library", "Arq-lab\generated\M6\admin-integrations-csharp\src\Library\Library.csproj", "{7BD7DFCA-D6FD-A9BF-692D-E2AFD547D8F0}"
EndProject
Project("{2150E333-8FDC-42A3-9474-1A3956D46DE8}") = "tests", "tests", "{04D58854-7BCC-7A86-9B28-DDD30FBC8389}"
EndProject
Project("{FAE04EC0-301F-11D3-BF4B-00C04F79EFBC}") = "AppHost.Tests", "Arq-lab\generated\M6\admin-integrations-csharp\tests\AppHost.Tests\AppHost.Tests.csproj", "{9C9E779C-3950-9377-9BC1-1734278A8D45}"
EndProject
Global
	GlobalSection(SolutionConfigurationPlatforms) = preSolution
		Debug|Any CPU = Debug|Any CPU
		Release|Any CPU = Release|Any CPU
	EndGlobalSection
	GlobalSection(ProjectConfigurationPlatforms) = postSolution
		{E3EC9DF7-C319-2821-4327-1412E540AD22}.Debug|Any CPU.ActiveCfg = Debug|Any CPU
		{E3EC9DF7-C319-2821-4327-1412E540AD22}.Debug|Any CPU.Build.0 = Debug|Any CPU
		{E3EC9DF7-C319-2821-4327-1412E540AD22}.Release|Any CPU.ActiveCfg = Release|Any CPU
		{E3EC9DF7-C319-2821-4327-1412E540AD22}.Release|Any CPU.Build.0 = Release|Any CPU
		{B8E2AA46-44B5-DDD2-A4C9-CA9A92CE429C}.Debug|Any CPU.ActiveCfg = Debug|Any CPU
		{B8E2AA46-44B5-DDD2-A4C9-CA9A92CE429C}.Debug|Any CPU.Build.0 = Debug|Any CPU
		{B8E2AA46-44B5-DDD2-A4C9-CA9A92CE429C}.Release|Any CPU.ActiveCfg = Release|Any CPU
		{B8E2AA46-44B5-DDD2-A4C9-CA9A92CE429C}.Release|Any CPU.Build.0 = Release|Any CPU
		{6C3498FE-C27E-656D-349F-ABCEB112B58D}.Debug|Any CPU.ActiveCfg = Debug|Any CPU
		{6C3498FE-C27E-656D-349F-ABCEB112B58D}.Debug|Any CPU.Build.0 = Debug|Any CPU
		{6C3498FE-C27E-656D-349F-ABCEB112B58D}.Release|Any CPU.ActiveCfg = Release|Any CPU
		{6C3498FE-C27E-656D-349F-ABCEB112B58D}.Release|Any CPU.Build.0 = Release|Any CPU
		{30E82E8C-0B0D-6137-3850-5A91EE31F954}.Debug|Any CPU.ActiveCfg = Debug|Any CPU
		{30E82E8C-0B0D-6137-3850-5A91EE31F954}.Debug|Any CPU.Build.0 = Debug|Any CPU
		{30E82E8C-0B0D-6137-3850-5A91EE31F954}.Release|Any CPU.ActiveCfg = Release|Any CPU
		{30E82E8C-0B0D-6137-3850-5A91EE31F954}.Release|Any CPU.Build.0 = Release|Any CPU
		{7BD7DFCA-D6FD-A9BF-692D-E2AFD547D8F0}.Debug|Any CPU.ActiveCfg = Debug|Any CPU
		{7BD7DFCA-D6FD-A9BF-692D-E2AFD547D8F0}.Debug|Any CPU.Build.0 = Debug|Any CPU
		{7BD7DFCA-D6FD-A9BF-692D-E2AFD547D8F0}.Release|Any CPU.ActiveCfg = Release|Any CPU
		{7BD7DFCA-D6FD-A9BF-692D-E2AFD547D8F0}.Release|Any CPU.Build.0 = Release|Any CPU
		{9C9E779C-3950-9377-9BC1-1734278A8D45}.Debug|Any CPU.ActiveCfg = Debug|Any CPU
		{9C9E779C-3950-9377-9BC1-1734278A8D45}.Debug|Any CPU.Build.0 = Debug|Any CPU
		{9C9E779C-3950-9377-9BC1-1734278A8D45}.Release|Any CPU.ActiveCfg = Release|Any CPU
		{9C9E779C-3950-9377-9BC1-1734278A8D45}.Release|Any CPU.Build.0 = Release|Any CPU
	EndGlobalSection
	GlobalSection(SolutionProperties) = preSolution
		HideSolutionNode = FALSE
	EndGlobalSection
	GlobalSection(NestedProjects) = preSolution
		{AA4BBBE4-E6CD-B2AD-A37D-4AC830DA7D9E} = {9090E3EC-2EA7-E2DC-36BB-57C3E8347209}
		{CB285E8F-4F38-AE11-280D-B7EC01E33D09} = {AA4BBBE4-E6CD-B2AD-A37D-4AC830DA7D9E}
		{A2D0BFA9-E8A8-5A2E-C5C2-58B5937BB6F7} = {CB285E8F-4F38-AE11-280D-B7EC01E33D09}
		{12406B37-19BE-5F83-48D9-60A19E0E2919} = {A2D0BFA9-E8A8-5A2E-C5C2-58B5937BB6F7}
		{E3EC9DF7-C319-2821-4327-1412E540AD22} = {12406B37-19BE-5F83-48D9-60A19E0E2919}
		{B8E2AA46-44B5-DDD2-A4C9-CA9A92CE429C} = {12406B37-19BE-5F83-48D9-60A19E0E2919}
		{1CEC21EA-3F71-E251-870A-73D0054BE3AF} = {A2D0BFA9-E8A8-5A2E-C5C2-58B5937BB6F7}
		{6C3498FE-C27E-656D-349F-ABCEB112B58D} = {1CEC21EA-3F71-E251-870A-73D0054BE3AF}
		{BECBD3FC-1B02-B6C8-48A0-9F7F1E242D91} = {AA4BBBE4-E6CD-B2AD-A37D-4AC830DA7D9E}
		{FCDDE916-3EC5-B9AE-7E2E-BDFF13C0C707} = {BECBD3FC-1B02-B6C8-48A0-9F7F1E242D91}
		{31B43215-1F87-CD7F-1166-5DE199FDD429} = {FCDDE916-3EC5-B9AE-7E2E-BDFF13C0C707}
		{30E82E8C-0B0D-6137-3850-5A91EE31F954} = {31B43215-1F87-CD7F-1166-5DE199FDD429}
		{7BD7DFCA-D6FD-A9BF-692D-E2AFD547D8F0} = {31B43215-1F87-CD7F-1166-5DE199FDD429}
		{04D58854-7BCC-7A86-9B28-DDD30FBC8389} = {FCDDE916-3EC5-B9AE-7E2E-BDFF13C0C707}
		{9C9E779C-3950-9377-9BC1-1734278A8D45} = {04D58854-7BCC-7A86-9B28-DDD30FBC8389}
	EndGlobalSection
	GlobalSection(ExtensibilityGlobals) = postSolution
		SolutionGuid = {31866BEF-1EAB-4FA7-BFBD-02FD0DBF0804}
	EndGlobalSection
EndGlobal
